
Microsoft Visual Studio Solution File, Format Version 11.00
# Visual Studio 2010
Project("{FAE04EC0-301F-11D3-BF4B-00C04F79EFBC}") = "phyl", "phyl\phyl.csproj", "{EE894A0B-24C9-4657-9E81-7754DC0EC824}"
EndProject
Project("{2150E333-8FDC-42A3-9474-1A3956D46DE8}") = "Solution Items", "Solution Items", "{681EE98F-4918-40B9-81D8-56F031878513}"
	ProjectSection(SolutionItems) = preProject
		Local.testsettings = Local.testsettings
		phyl.vsmdi = phyl.vsmdi
		TraceAndTestImpact.testsettings = TraceAndTestImpact.testsettings
	EndProjectSection
EndProject
Global
	GlobalSection(TestCaseManagementSettings) = postSolution
		CategoryFile = phyl.vsmdi
	EndGlobalSection
	GlobalSection(SolutionConfigurationPlatforms) = preSolution
		Debug|Any CPU = Debug|Any CPU
		Debug|x86 = Debug|x86
		Release|Any CPU = Release|Any CPU
		Release|x86 = Release|x86
	EndGlobalSection
	GlobalSection(ProjectConfigurationPlatforms) = postSolution
		{EE894A0B-24C9-4657-9E81-7754DC0EC824}.Debug|Any CPU.ActiveCfg = Debug|x86
		{EE894A0B-24C9-4657-9E81-7754DC0EC824}.Debug|x86.ActiveCfg = Debug|x86
		{EE894A0B-24C9-4657-9E81-7754DC0EC824}.Debug|x86.Build.0 = Debug|x86
		{EE894A0B-24C9-4657-9E81-7754DC0EC824}.Release|Any CPU.ActiveCfg = Release|x86
		{EE894A0B-24C9-4657-9E81-7754DC0EC824}.Release|x86.ActiveCfg = Release|x86
		{EE894A0B-24C9-4657-9E81-7754DC0EC824}.Release|x86.Build.0 = Release|x86
	EndGlobalSection
	GlobalSection(SolutionProperties) = preSolution
		HideSolutionNode = FALSE
	EndGlobalSection
EndGlobal
